// !$*UTF8*$!
{
	archiveVersion = 1;
	classes = {
	};
	objectVersion = 55;
	objects = {

/* Begin PBXBuildFile section */
		9BE75813277B28AA00ABB88B /* AppDelegate.swift in Sources */ = {isa = PBXBuildFile; fileRef = 9BE75812277B28AA00ABB88B /* AppDelegate.swift */; };
		9BE75815277B28AA00ABB88B /* SceneDelegate.swift in Sources */ = {isa = PBXBuildFile; fileRef = 9BE75814277B28AA00ABB88B /* SceneDelegate.swift */; };
		9BE75817277B28AA00ABB88B /* ViewController.swift in Sources */ = {isa = PBXBuildFile; fileRef = 9BE75816277B28AA00ABB88B /* ViewController.swift */; };
		9BE7581A277B28AA00ABB88B /* Main.storyboard in Resources */ = {isa = PBXBuildFile; fileRef = 9BE75818277B28AA00ABB88B /* Main.storyboard */; };
		9BE7581C277B28AB00ABB88B /* Assets.xcassets in Resources */ = {isa = PBXBuildFile; fileRef = 9BE7581B277B28AB00ABB88B /* Assets.xcassets */; };
		9BE7581F277B28AB00ABB88B /* LaunchScreen.storyboard in Resources */ = {isa = PBXBuildFile; fileRef = 9BE7581D277B28AB00ABB88B /* LaunchScreen.storyboard */; };
		9BF2C7DA277B2C38000743B3 /* BeersViewModel.swift in Sources */ = {isa = PBXBuildFile; fileRef = 9BF2C7D9277B2C38000743B3 /* BeersViewModel.swift */; };
		9BF2C7DC277B2C57000743B3 /* APIService.swift in Sources */ = {isa = PBXBuildFile; fileRef = 9BF2C7DB277B2C57000743B3 /* APIService.swift */; };
		9BF2C7DE277B2C72000743B3 /* Beer.swift in Sources */ = {isa = PBXBuildFile; fileRef = 9BF2C7DD277B2C72000743B3 /* Beer.swift */; };
		9BF2C7E0277B2D1C000743B3 /* HomeViewController.swift in Sources */ = {isa = PBXBuildFile; fileRef = 9BF2C7DF277B2D1C000743B3 /* HomeViewController.swift */; };
		9BF2C7E2277B4E3F000743B3 /* BeerTableViewCell.swift in Sources */ = {isa = PBXBuildFile; fileRef = 9BF2C7E1277B4E3F000743B3 /* BeerTableViewCell.swift */; };
		9BF2C7E4277B62C4000743B3 /* BeerInfoViewController.swift in Sources */ = {isa = PBXBuildFile; fileRef = 9BF2C7E3277B62C4000743B3 /* BeerInfoViewController.swift */; };
/* End PBXBuildFile section */

/* Begin PBXFileReference section */
		9BE7580F277B28AA00ABB88B /* BeersCommerce.app */ = {isa = PBXFileReference; explicitFileType = wrapper.application; includeInIndex = 0; path = BeersCommerce.app; sourceTree = BUILT_PRODUCTS_DIR; };
		9BE75812277B28AA00ABB88B /* AppDelegate.swift */ = {isa = PBXFileReference; lastKnownFileType = sourcecode.swift; path = AppDelegate.swift; sourceTree = "<group>"; };
		9BE75814277B28AA00ABB88B /* SceneDelegate.swift */ = {isa = PBXFileReference; lastKnownFileType = sourcecode.swift; path = SceneDelegate.swift; sourceTree = "<group>"; };
		9BE75816277B28AA00ABB88B /* ViewController.swift */ = {isa = PBXFileReference; lastKnownFileType = sourcecode.swift; path = ViewController.swift; sourceTree = "<group>"; };
		9BE75819277B28AA00ABB88B /* Base */ = {isa = PBXFileReference; lastKnownFileType = file.storyboard; name = Base; path = Base.lproj/Main.storyboard; sourceTree = "<group>"; };
		9BE7581B277B28AB00ABB88B /* Assets.xcassets */ = {isa = PBXFileReference; lastKnownFileType = folder.assetcatalog; path = Assets.xcassets; sourceTree = "<group>"; };
		9BE7581E277B28AB00ABB88B /* Base */ = {isa = PBXFileReference; lastKnownFileType = file.storyboard; name = Base; path = Base.lproj/LaunchScreen.storyboard; sourceTree = "<group>"; };
		9BE75820277B28AB00ABB88B /* Info.plist */ = {isa = PBXFileReference; lastKnownFileType = text.plist.xml; path = Info.plist; sourceTree = "<group>"; };
		9BF2C7D9277B2C38000743B3 /* BeersViewModel.swift */ = {isa = PBXFileReference; lastKnownFileType = sourcecode.swift; path = BeersViewModel.swift; sourceTree = "<group>"; };
		9BF2C7DB277B2C57000743B3 /* APIService.swift */ = {isa = PBXFileReference; lastKnownFileType = sourcecode.swift; path = APIService.swift; sourceTree = "<group>"; };
		9BF2C7DD277B2C72000743B3 /* Beer.swift */ = {isa = PBXFileReference; lastKnownFileType = sourcecode.swift; path = Beer.swift; sourceTree = "<group>"; };
		9BF2C7DF277B2D1C000743B3 /* HomeViewController.swift */ = {isa = PBXFileReference; lastKnownFileType = sourcecode.swift; path = HomeViewController.swift; sourceTree = "<group>"; };
		9BF2C7E1277B4E3F000743B3 /* BeerTableViewCell.swift */ = {isa = PBXFileReference; lastKnownFileType = sourcecode.swift; path = BeerTableViewCell.swift; sourceTree = "<group>"; };
		9BF2C7E3277B62C4000743B3 /* BeerInfoViewController.swift */ = {isa = PBXFileReference; lastKnownFileType = sourcecode.swift; path = BeerInfoViewController.swift; sourceTree = "<group>"; };
/* End PBXFileReference section */

/* Begin PBXFrameworksBuildPhase section */
		9BE7580C277B28AA00ABB88B /* Frameworks */ = {
			isa = PBXFrameworksBuildPhase;
			buildActionMask = 2147483647;
			files = (
			);
			runOnlyForDeploymentPostprocessing = 0;
		};
/* End PBXFrameworksBuildPhase section */

/* Begin PBXGroup section */
		9BE75806277B28AA00ABB88B = {
			isa = PBXGroup;
			children = (
				9BE75811277B28AA00ABB88B /* BeersCommerce */,
				9BE75810277B28AA00ABB88B /* Products */,
			);
			sourceTree = "<group>";
		};
		9BE75810277B28AA00ABB88B /* Products */ = {
			isa = PBXGroup;
			children = (
				9BE7580F277B28AA00ABB88B /* BeersCommerce.app */,
			);
			name = Products;
			sourceTree = "<group>";
		};
		9BE75811277B28AA00ABB88B /* BeersCommerce */ = {
			isa = PBXGroup;
			children = (
				9BF2C7D8277B2C14000743B3 /* TableViewCells */,
				9BF2C7D7277B2C0D000743B3 /* Models */,
				9BF2C7D6277B2C06000743B3 /* Controllers */,
				9BF2C7D5277B2BFD000743B3 /* WebService */,
				9BF2C7D3277B2BDF000743B3 /* ViewModels */,
				9BE75812277B28AA00ABB88B /* AppDelegate.swift */,
				9BE75814277B28AA00ABB88B /* SceneDelegate.swift */,
				9BE75816277B28AA00ABB88B /* ViewController.swift */,
				9BE75818277B28AA00ABB88B /* Main.storyboard */,
				9BE7581B277B28AB00ABB88B /* Assets.xcassets */,
				9BE7581D277B28AB00ABB88B /* LaunchScreen.storyboard */,
				9BE75820277B28AB00ABB88B /* Info.plist */,
			);
			path = BeersCommerce;
			sourceTree = "<group>";
		};
		9BF2C7D3277B2BDF000743B3 /* ViewModels */ = {
			isa = PBXGroup;
			children = (
				9BF2C7D9277B2C38000743B3 /* BeersViewModel.swift */,
			);
			path = ViewModels;
			sourceTree = "<group>";
		};
		9BF2C7D5277B2BFD000743B3 /* WebService */ = {
			isa = PBXGroup;
			children = (
				9BF2C7DB277B2C57000743B3 /* APIService.swift */,
			);
			path = WebService;
			sourceTree = "<group>";
		};
		9BF2C7D6277B2C06000743B3 /* Controllers */ = {
			isa = PBXGroup;
			children = (
				9BF2C7DF277B2D1C000743B3 /* HomeViewController.swift */,
				9BF2C7E3277B62C4000743B3 /* BeerInfoViewController.swift */,
			);
			path = Controllers;
			sourceTree = "<group>";
		};
		9BF2C7D7277B2C0D000743B3 /* Models */ = {
			isa = PBXGroup;
			children = (
				9BF2C7DD277B2C72000743B3 /* Beer.swift */,
			);
			path = Models;
			sourceTree = "<group>";
		};
		9BF2C7D8277B2C14000743B3 /* TableViewCells */ = {
			isa = PBXGroup;
			children = (
				9BF2C7E1277B4E3F000743B3 /* BeerTableViewCell.swift */,
			);
			path = TableViewCells;
			sourceTree = "<group>";
		};
/* End PBXGroup section */

/* Begin PBXNativeTarget section */
		9BE7580E277B28AA00ABB88B /* BeersCommerce */ = {
			isa = PBXNativeTarget;
			buildConfigurationList = 9BE75823277B28AB00ABB88B /* Build configuration list for PBXNativeTarget "BeersCommerce" */;
			buildPhases = (
				9BE7580B277B28AA00ABB88B /* Sources */,
				9BE7580C277B28AA00ABB88B /* Frameworks */,
				9BE7580D277B28AA00ABB88B /* Resources */,
			);
			buildRules = (
			);
			dependencies = (
			);
			name = BeersCommerce;
			productName = BeersCommerce;
			productReference = 9BE7580F277B28AA00ABB88B /* BeersCommerce.app */;
			productType = "com.apple.product-type.application";
		};
/* End PBXNativeTarget section */

/* Begin PBXProject section */
		9BE75807277B28AA00ABB88B /* Project object */ = {
			isa = PBXProject;
			attributes = {
				BuildIndependentTargetsInParallel = 1;
				LastSwiftUpdateCheck = 1320;
				LastUpgradeCheck = 1320;
				TargetAttributes = {
					9BE7580E277B28AA00ABB88B = {
						CreatedOnToolsVersion = 13.2.1;
					};
				};
			};
			buildConfigurationList = 9BE7580A277B28AA00ABB88B /* Build configuration list for PBXProject "BeersCommerce" */;
			compatibilityVersion = "Xcode 13.0";
			developmentRegion = en;
			hasScannedForEncodings = 0;
			knownRegions = (
				en,
				Base,
			);
			mainGroup = 9BE75806277B28AA00ABB88B;
			productRefGroup = 9BE75810277B28AA00ABB88B /* Products */;
			projectDirPath = "";
			projectRoot = "";
			targets = (
				9BE7580E277B28AA00ABB88B /* BeersCommerce */,
			);
		};
/* End PBXProject section */

/* Begin PBXResourcesBuildPhase section */
		9BE7580D277B28AA00ABB88B /* Resources */ = {
			isa = PBXResourcesBuildPhase;
			buildActionMask = 2147483647;
			files = (
				9BE7581F277B28AB00ABB88B /* LaunchScreen.storyboard in Resources */,
				9BE7581C277B28AB00ABB88B /* Assets.xcassets in Resources */,
				9BE7581A277B28AA00ABB88B /* Main.storyboard in Resources */,
			);
			runOnlyForDeploymentPostprocessing = 0;
		};
/* End PBXResourcesBuildPhase section */

/* Begin PBXSourcesBuildPhase section */
		9BE7580B277B28AA00ABB88B /* Sources */ = {
			isa = PBXSourcesBuildPhase;
			buildActionMask = 2147483647;
			files = (
				9BF2C7E4277B62C4000743B3 /* BeerInfoViewController.swift in Sources */,
				9BF2C7DA277B2C38000743B3 /* BeersViewModel.swift in Sources */,
				9BF2C7DE277B2C72000743B3 /* Beer.swift in Sources */,
				9BF2C7DC277B2C57000743B3 /* APIService.swift in Sources */,
				9BF2C7E2277B4E3F000743B3 /* BeerTableViewCell.swift in Sources */,
				9BE75817277B28AA00ABB88B /* ViewController.swift in Sources */,
				9BE75813277B28AA00ABB88B /* AppDelegate.swift in Sources */,
				9BF2C7E0277B2D1C000743B3 /* HomeViewController.swift in Sources */,
				9BE75815277B28AA00ABB88B /* SceneDelegate.swift in Sources */,
			);
			runOnlyForDeploymentPostprocessing = 0;
		};
/* End PBXSourcesBuildPhase section */

/* Begin PBXVariantGroup section */
		9BE75818277B28AA00ABB88B /* Main.storyboard */ = {
			isa = PBXVariantGroup;
			children = (
				9BE75819277B28AA00ABB88B /* Base */,
			);
			name = Main.storyboard;
			sourceTree = "<group>";
		};
		9BE7581D277B28AB00ABB88B /* LaunchScreen.storyboard */ = {
			isa = PBXVariantGroup;
			children = (
				9BE7581E277B28AB00ABB88B /* Base */,
			);
			name = LaunchScreen.storyboard;
			sourceTree = "<group>";
		};
/* End PBXVariantGroup section */

/* Begin XCBuildConfiguration section */
		9BE75821277B28AB00ABB88B /* Debug */ = {
			isa = XCBuildConfiguration;
			buildSettings = {
				ALWAYS_SEARCH_USER_PATHS = NO;
				CLANG_ANALYZER_NONNULL = YES;
				CLANG_ANALYZER_NUMBER_OBJECT_CONVERSION = YES_AGGRESSIVE;
				CLANG_CXX_LANGUAGE_STANDARD = "gnu++17";
				CLANG_CXX_LIBRARY = "libc++";
				CLANG_ENABLE_MODULES = YES;
				CLANG_ENABLE_OBJC_ARC = YES;
				CLANG_ENABLE_OBJC_WEAK = YES;
				CLANG_WARN_BLOCK_CAPTURE_AUTORELEASING = YES;
				CLANG_WARN_BOOL_CONVERSION = YES;
				CLANG_WARN_COMMA = YES;
				CLANG_WARN_CONSTANT_CONVERSION = YES;
				CLANG_WARN_DEPRECATED_OBJC_IMPLEMENTATIONS = YES;
				CLANG_WARN_DIRECT_OBJC_ISA_USAGE = YES_ERROR;
				CLANG_WARN_DOCUMENTATION_COMMENTS = YES;
				CLANG_WARN_EMPTY_BODY = YES;
				CLANG_WARN_ENUM_CONVERSION = YES;
				CLANG_WARN_INFINITE_RECURSION = YES;
				CLANG_WARN_INT_CONVERSION = YES;
				CLANG_WARN_NON_LITERAL_NULL_CONVERSION = YES;
				CLANG_WARN_OBJC_IMPLICIT_RETAIN_SELF = YES;
				CLANG_WARN_OBJC_LITERAL_CONVERSION = YES;
				CLANG_WARN_OBJC_ROOT_CLASS = YES_ERROR;
				CLANG_WARN_QUOTED_INCLUDE_IN_FRAMEWORK_HEADER = YES;
				CLANG_WARN_RANGE_LOOP_ANALYSIS = YES;
				CLANG_WARN_STRICT_PROTOTYPES = YES;
				CLANG_WARN_SUSPICIOUS_MOVE = YES;
				CLANG_WARN_UNGUARDED_AVAILABILITY = YES_AGGRESSIVE;
				CLANG_WARN_UNREACHABLE_CODE = YES;
				CLANG_WARN__DUPLICATE_METHOD_MATCH = YES;
				COPY_PHASE_STRIP = NO;
				DEBUG_INFORMATION_FORMAT = dwarf;
				ENABLE_STRICT_OBJC_MSGSEND = YES;
				ENABLE_TESTABILITY = YES;
				GCC_C_LANGUAGE_STANDARD = gnu11;
				GCC_DYNAMIC_NO_PIC = NO;
				GCC_NO_COMMON_BLOCKS = YES;
				GCC_OPTIMIZATION_LEVEL = 0;
				GCC_PREPROCESSOR_DEFINITIONS = (
					"DEBUG=1",
					"$(inherited)",
				);
				GCC_WARN_64_TO_32_BIT_CONVERSION = YES;
				GCC_WARN_ABOUT_RETURN_TYPE = YES_ERROR;
				GCC_WARN_UNDECLARED_SELECTOR = YES;
				GCC_WARN_UNINITIALIZED_AUTOS = YES_AGGRESSIVE;
				GCC_WARN_UNUSED_FUNCTION = YES;
				GCC_WARN_UNUSED_VARIABLE = YES;
				IPHONEOS_DEPLOYMENT_TARGET = 15.2;
				MTL_ENABLE_DEBUG_INFO = INCLUDE_SOURCE;
				MTL_FAST_MATH = YES;
				ONLY_ACTIVE_ARCH = YES;
				SDKROOT = iphoneos;
				SWIFT_ACTIVE_COMPILATION_CONDITIONS = DEBUG;
				SWIFT_OPTIMIZATION_LEVEL = "-Onone";
			};
			name = Debug;
		};
		9BE75822277B28AB00ABB88B /* Release */ = {
			isa = XCBuildConfiguration;
			buildSettings = {
				ALWAYS_SEARCH_USER_PATHS = NO;
				CLANG_ANALYZER_NONNULL = YES;
				CLANG_ANALYZER_NUMBER_OBJECT_CONVERSION = YES_AGGRESSIVE;
				CLANG_CXX_LANGUAGE_STANDARD = "gnu++17";
				CLANG_CXX_LIBRARY = "libc++";
				CLANG_ENABLE_MODULES = YES;
				CLANG_ENABLE_OBJC_ARC = YES;
				CLANG_ENABLE_OBJC_WEAK = YES;
				CLANG_WARN_BLOCK_CAPTURE_AUTORELEASING = YES;
				CLANG_WARN_BOOL_CONVERSION = YES;
				CLANG_WARN_COMMA = YES;
				CLANG_WARN_CONSTANT_CONVERSION = YES;
				CLANG_WARN_DEPRECATED_OBJC_IMPLEMENTATIONS = YES;
				CLANG_WARN_DIRECT_OBJC_ISA_USAGE = YES_ERROR;
				CLANG_WARN_DOCUMENTATION_COMMENTS = YES;
				CLANG_WARN_EMPTY_BODY = YES;
				CLANG_WARN_ENUM_CONVERSION = YES;
				CLANG_WARN_INFINITE_RECURSION = YES;
				CLANG_WARN_INT_CONVERSION = YES;
				CLANG_WARN_NON_LITERAL_NULL_CONVERSION = YES;
				CLANG_WARN_OBJC_IMPLICIT_RETAIN_SELF = YES;
				CLANG_WARN_OBJC_LITERAL_CONVERSION = YES;
				CLANG_WARN_OBJC_ROOT_CLASS = YES_ERROR;
				CLANG_WARN_QUOTED_INCLUDE_IN_FRAMEWORK_HEADER = YES;
				CLANG_WARN_RANGE_LOOP_ANALYSIS = YES;
				CLANG_WARN_STRICT_PROTOTYPES = YES;
				CLANG_WARN_SUSPICIOUS_MOVE = YES;
				CLANG_WARN_UNGUARDED_AVAILABILITY = YES_AGGRESSIVE;
				CLANG_WARN_UNREACHABLE_CODE = YES;
				CLANG_WARN__DUPLICATE_METHOD_MATCH = YES;
				COPY_PHASE_STRIP = NO;
				DEBUG_INFORMATION_FORMAT = "dwarf-with-dsym";
				ENABLE_NS_ASSERTIONS = NO;
				ENABLE_STRICT_OBJC_MSGSEND = YES;
				GCC_C_LANGUAGE_STANDARD = gnu11;
				GCC_NO_COMMON_BLOCKS = YES;
				GCC_WARN_64_TO_32_BIT_CONVERSION = YES;
				GCC_WARN_ABOUT_RETURN_TYPE = YES_ERROR;
				GCC_WARN_UNDECLARED_SELECTOR = YES;
				GCC_WARN_UNINITIALIZED_AUTOS = YES_AGGRESSIVE;
				GCC_WARN_UNUSED_FUNCTION = YES;
				GCC_WARN_UNUSED_VARIABLE = YES;
				IPHONEOS_DEPLOYMENT_TARGET = 15.2;
				MTL_ENABLE_DEBUG_INFO = NO;
				MTL_FAST_MATH = YES;
				SDKROOT = iphoneos;
				SWIFT_COMPILATION_MODE = wholemodule;
				SWIFT_OPTIMIZATION_LEVEL = "-O";
				VALIDATE_PRODUCT = YES;
			};
			name = Release;
		};
		9BE75824277B28AB00ABB88B /* Debug */ = {
			isa = XCBuildConfiguration;
			buildSettings = {
				ASSETCATALOG_COMPILER_APPICON_NAME = AppIcon;
				ASSETCATALOG_COMPILER_GLOBAL_ACCENT_COLOR_NAME = AccentColor;
				CODE_SIGN_STYLE = Automatic;
				CURRENT_PROJECT_VERSION = 1;
				DEVELOPMENT_TEAM = 8XC62R24PH;
				GENERATE_INFOPLIST_FILE = YES;
				INFOPLIST_FILE = BeersCommerce/Info.plist;
				INFOPLIST_KEY_UIApplicationSupportsIndirectInputEvents = YES;
				INFOPLIST_KEY_UILaunchStoryboardName = LaunchScreen;
				INFOPLIST_KEY_UIMainStoryboardFile = Main;
				INFOPLIST_KEY_UISupportedInterfaceOrientations_iPad = "UIInterfaceOrientationPortrait UIInterfaceOrientationPortraitUpsideDown UIInterfaceOrientationLandscapeLeft UIInterfaceOrientationLandscapeRight";
				INFOPLIST_KEY_UISupportedInterfaceOrientations_iPhone = "UIInterfaceOrientationPortrait UIInterfaceOrientationLandscapeLeft UIInterfaceOrientationLandscapeRight";
				LD_RUNPATH_SEARCH_PATHS = (
					"$(inherited)",
					"@executable_path/Frameworks",
				);
				MARKETING_VERSION = 1.0;
				PRODUCT_BUNDLE_IDENTIFIER = com.friva.BeersCommerce;
				PRODUCT_NAME = "$(TARGET_NAME)";
				SWIFT_EMIT_LOC_STRINGS = YES;
				SWIFT_VERSION = 5.0;
				TARGETED_DEVICE_FAMILY = "1,2";
			};
			name = Debug;
		};
		9BE75825277B28AB00ABB88B /* Release */ = {
			isa = XCBuildConfiguration;
			buildSettings = {
				ASSETCATALOG_COMPILER_APPICON_NAME = AppIcon;
				ASSETCATALOG_COMPILER_GLOBAL_ACCENT_COLOR_NAME = AccentColor;
				CODE_SIGN_STYLE = Automatic;
				CURRENT_PROJECT_VERSION = 1;
				DEVELOPMENT_TEAM = 8XC62R24PH;
				GENERATE_INFOPLIST_FILE = YES;
				INFOPLIST_FILE = BeersCommerce/Info.plist;
				INFOPLIST_KEY_UIApplicationSupportsIndirectInputEvents = YES;
				INFOPLIST_KEY_UILaunchStoryboardName = LaunchScreen;
				INFOPLIST_KEY_UIMainStoryboardFile = Main;
				INFOPLIST_KEY_UISupportedInterfaceOrientations_iPad = "UIInterfaceOrientationPortrait UIInterfaceOrientationPortraitUpsideDown UIInterfaceOrientationLandscapeLeft UIInterfaceOrientationLandscapeRight";
				INFOPLIST_KEY_UISupportedInterfaceOrientations_iPhone = "UIInterfaceOrientationPortrait UIInterfaceOrientationLandscapeLeft UIInterfaceOrientationLandscapeRight";
				LD_RUNPATH_SEARCH_PATHS = (
					"$(inherited)",
					"@executable_path/Frameworks",
				);
				MARKETING_VERSION = 1.0;
				PRODUCT_BUNDLE_IDENTIFIER = com.friva.BeersCommerce;
				PRODUCT_NAME = "$(TARGET_NAME)";
				SWIFT_EMIT_LOC_STRINGS = YES;
				SWIFT_VERSION = 5.0;
				TARGETED_DEVICE_FAMILY = "1,2";
			};
			name = Release;
		};
/* End XCBuildConfiguration section */

/* Begin XCConfigurationList section */
		9BE7580A277B28AA00ABB88B /* Build configuration list for PBXProject "BeersCommerce" */ = {
			isa = XCConfigurationList;
			buildConfigurations = (
				9BE75821277B28AB00ABB88B /* Debug */,
				9BE75822277B28AB00ABB88B /* Release */,
			);
			defaultConfigurationIsVisible = 0;
			defaultConfigurationName = Release;
		};
		9BE75823277B28AB00ABB88B /* Build configuration list for PBXNativeTarget "BeersCommerce" */ = {
			isa = XCConfigurationList;
			buildConfigurations = (
				9BE75824277B28AB00ABB88B /* Debug */,
				9BE75825277B28AB00ABB88B /* Release */,
			);
			defaultConfigurationIsVisible = 0;
			defaultConfigurationName = Release;
		};
/* End XCConfigurationList section */
	};
	rootObject = 9BE75807277B28AA00ABB88B /* Project object */;
}
